
Microsoft Visual Studio Solution File, Format Version 12.00
# Visual Studio Version 16
VisualStudioVersion = 16.0.31424.327
MinimumVisualStudioVersion = 10.0.40219.1
Project("{FAE04EC0-301F-11D3-BF4B-00C04F79EFBC}") = "SortingNetworks", "SortingNetworks\SortingNetworks.csproj", "{2C887C06-7BA1-4B47-A0D7-352FE0AAAF63}"
EndProject
Global
	GlobalSection(SolutionConfigurationPlatforms) = preSolution
		Debug|Any CPU = Debug|Any CPU
		Release|Any CPU = Release|Any CPU
	EndGlobalSection
	GlobalSection(ProjectConfigurationPlatforms) = postSolution
		{2C887C06-7BA1-4B47-A0D7-352FE0AAAF63}.Debug|Any CPU.ActiveCfg = Debug|Any CPU
		{2C887C06-7BA1-4B47-A0D7-352FE0AAAF63}.Debug|Any CPU.Build.0 = Debug|Any CPU
		{2C887C06-7BA1-4B47-A0D7-352FE0AAAF63}.Release|Any CPU.ActiveCfg = Release|Any CPU
		{2C887C06-7BA1-4B47-A0D7-352FE0AAAF63}.Release|Any CPU.Build.0 = Release|Any CPU
	EndGlobalSection
	GlobalSection(SolutionProperties) = preSolution
		HideSolutionNode = FALSE
	EndGlobalSection
	GlobalSection(ExtensibilityGlobals) = postSolution
		SolutionGuid = {0E45DB88-0408-4A77-8703-6DA36E579EAD}
	EndGlobalSection
EndGlobal
