
Microsoft Visual Studio Solution File, Format Version 12.00
# Visual Studio Version 16
VisualStudioVersion = 16.0.31424.327
MinimumVisualStudioVersion = 10.0.40219.1
Project("{9A19103F-16F7-4668-BE54-9A1E7A4F7556}") = "SortingNetworks", "SortingNetworks\SortingNetworks.csproj", "{2C887C06-7BA1-4B47-A0D7-352FE0AAAF63}"
EndProject
Project("{9A19103F-16F7-4668-BE54-9A1E7A4F7556}") = "SNBenchmark", "SNBenchmark\SNBenchmark.csproj", "{F6666BA3-4CEB-4962-B9A2-917EA4C7F65D}"
EndProject
Project("{2150E333-8FDC-42A3-9474-1A3956D46DE8}") = "Solution Items", "Solution Items", "{9B8ACCCE-973B-42F8-BC2A-2C6751AB5237}"
	ProjectSection(SolutionItems) = preProject
		LICENSE.txt = LICENSE.txt
		README.md = README.md
	EndProjectSection
EndProject
Global
	GlobalSection(SolutionConfigurationPlatforms) = preSolution
		Debug|Any CPU = Debug|Any CPU
		Release|Any CPU = Release|Any CPU
	EndGlobalSection
	GlobalSection(ProjectConfigurationPlatforms) = postSolution
		{2C887C06-7BA1-4B47-A0D7-352FE0AAAF63}.Debug|Any CPU.ActiveCfg = Debug|Any CPU
		{2C887C06-7BA1-4B47-A0D7-352FE0AAAF63}.Debug|Any CPU.Build.0 = Debug|Any CPU
		{2C887C06-7BA1-4B47-A0D7-352FE0AAAF63}.Release|Any CPU.ActiveCfg = Release|Any CPU
		{2C887C06-7BA1-4B47-A0D7-352FE0AAAF63}.Release|Any CPU.Build.0 = Release|Any CPU
		{F6666BA3-4CEB-4962-B9A2-917EA4C7F65D}.Debug|Any CPU.ActiveCfg = Debug|Any CPU
		{F6666BA3-4CEB-4962-B9A2-917EA4C7F65D}.Debug|Any CPU.Build.0 = Debug|Any CPU
		{F6666BA3-4CEB-4962-B9A2-917EA4C7F65D}.Release|Any CPU.ActiveCfg = Release|Any CPU
		{F6666BA3-4CEB-4962-B9A2-917EA4C7F65D}.Release|Any CPU.Build.0 = Release|Any CPU
	EndGlobalSection
	GlobalSection(SolutionProperties) = preSolution
		HideSolutionNode = FALSE
	EndGlobalSection
	GlobalSection(ExtensibilityGlobals) = postSolution
		SolutionGuid = {0E45DB88-0408-4A77-8703-6DA36E579EAD}
	EndGlobalSection
EndGlobal
